
Microsoft Visual Studio Solution File, Format Version 12.00
# Visual Studio Version 17
VisualStudioVersion = 17.0.31717.71
MinimumVisualStudioVersion = 10.0.40219.1
Project("{9A19103F-16F7-4668-BE54-9A1E7A4F7556}") = "WpfApp3", "WpfApp3\WpfApp3.csproj", "{288B3943-E776-4773-A278-97FC36C52529}"
EndProject
Project("{9A19103F-16F7-4668-BE54-9A1E7A4F7556}") = "ConsoleApp6", "ConsoleApp6\ConsoleApp6\ConsoleApp6.csproj", "{F8163169-3A71-40B2-B5F9-A19753F5CB23}"
EndProject
Global
	GlobalSection(SolutionConfigurationPlatforms) = preSolution
		Debug|Any CPU = Debug|Any CPU
		Release|Any CPU = Release|Any CPU
	EndGlobalSection
	GlobalSection(ProjectConfigurationPlatforms) = postSolution
		{288B3943-E776-4773-A278-97FC36C52529}.Debug|Any CPU.ActiveCfg = Debug|Any CPU
		{288B3943-E776-4773-A278-97FC36C52529}.Debug|Any CPU.Build.0 = Debug|Any CPU
		{288B3943-E776-4773-A278-97FC36C52529}.Release|Any CPU.ActiveCfg = Release|Any CPU
		{288B3943-E776-4773-A278-97FC36C52529}.Release|Any CPU.Build.0 = Release|Any CPU
		{F8163169-3A71-40B2-B5F9-A19753F5CB23}.Debug|Any CPU.ActiveCfg = Debug|Any CPU
		{F8163169-3A71-40B2-B5F9-A19753F5CB23}.Debug|Any CPU.Build.0 = Debug|Any CPU
		{F8163169-3A71-40B2-B5F9-A19753F5CB23}.Release|Any CPU.ActiveCfg = Release|Any CPU
		{F8163169-3A71-40B2-B5F9-A19753F5CB23}.Release|Any CPU.Build.0 = Release|Any CPU
	EndGlobalSection
	GlobalSection(SolutionProperties) = preSolution
		HideSolutionNode = FALSE
	EndGlobalSection
	GlobalSection(ExtensibilityGlobals) = postSolution
		SolutionGuid = {03B980A3-AF01-45B2-B7A5-2472AF012818}
	EndGlobalSection
EndGlobal
